
Microsoft Visual Studio Solution File, Format Version 12.00
# Visual Studio Version 17
VisualStudioVersion = 17.13.35931.197
MinimumVisualStudioVersion = 10.0.40219.1
Project("{FAE04EC0-301F-11D3-BF4B-00C04F79EFBC}") = "EmployeesApp.Web", "EmployeesApp.Web\EmployeesApp.Web.csproj", "{4EFA4296-C2E4-4775-BD93-3A15268D83B3}"
EndProject
Project("{FAE04EC0-301F-11D3-BF4B-00C04F79EFBC}") = "EmployeeApp.Domain", "EmployeeApp.Domain\EmployeeApp.Domain.csproj", "{BF78426C-0CB7-41F8-9CC4-CB49EB94453F}"
EndProject
Project("{FAE04EC0-301F-11D3-BF4B-00C04F79EFBC}") = "EmployeeApp.Application", "EmployeeApp.Application\EmployeeApp.Application.csproj", "{52504699-1CBE-44DA-8FA5-DF11F8949F6E}"
EndProject
Project("{FAE04EC0-301F-11D3-BF4B-00C04F79EFBC}") = "EmployeeApp.Infrastructure", "EmployeeApp.Infrastructure\EmployeeApp.Infrastructure.csproj", "{B05D342B-FBAA-499F-8E0C-9D0AF68A9838}"
EndProject
Global
	GlobalSection(SolutionConfigurationPlatforms) = preSolution
		Debug|Any CPU = Debug|Any CPU
		Release|Any CPU = Release|Any CPU
	EndGlobalSection
	GlobalSection(ProjectConfigurationPlatforms) = postSolution
		{4EFA4296-C2E4-4775-BD93-3A15268D83B3}.Debug|Any CPU.ActiveCfg = Debug|Any CPU
		{4EFA4296-C2E4-4775-BD93-3A15268D83B3}.Debug|Any CPU.Build.0 = Debug|Any CPU
		{4EFA4296-C2E4-4775-BD93-3A15268D83B3}.Release|Any CPU.ActiveCfg = Release|Any CPU
		{4EFA4296-C2E4-4775-BD93-3A15268D83B3}.Release|Any CPU.Build.0 = Release|Any CPU
		{BF78426C-0CB7-41F8-9CC4-CB49EB94453F}.Debug|Any CPU.ActiveCfg = Debug|Any CPU
		{BF78426C-0CB7-41F8-9CC4-CB49EB94453F}.Debug|Any CPU.Build.0 = Debug|Any CPU
		{BF78426C-0CB7-41F8-9CC4-CB49EB94453F}.Release|Any CPU.ActiveCfg = Release|Any CPU
		{BF78426C-0CB7-41F8-9CC4-CB49EB94453F}.Release|Any CPU.Build.0 = Release|Any CPU
		{52504699-1CBE-44DA-8FA5-DF11F8949F6E}.Debug|Any CPU.ActiveCfg = Debug|Any CPU
		{52504699-1CBE-44DA-8FA5-DF11F8949F6E}.Debug|Any CPU.Build.0 = Debug|Any CPU
		{52504699-1CBE-44DA-8FA5-DF11F8949F6E}.Release|Any CPU.ActiveCfg = Release|Any CPU
		{52504699-1CBE-44DA-8FA5-DF11F8949F6E}.Release|Any CPU.Build.0 = Release|Any CPU
		{B05D342B-FBAA-499F-8E0C-9D0AF68A9838}.Debug|Any CPU.ActiveCfg = Debug|Any CPU
		{B05D342B-FBAA-499F-8E0C-9D0AF68A9838}.Debug|Any CPU.Build.0 = Debug|Any CPU
		{B05D342B-FBAA-499F-8E0C-9D0AF68A9838}.Release|Any CPU.ActiveCfg = Release|Any CPU
		{B05D342B-FBAA-499F-8E0C-9D0AF68A9838}.Release|Any CPU.Build.0 = Release|Any CPU
	EndGlobalSection
	GlobalSection(SolutionProperties) = preSolution
		HideSolutionNode = FALSE
	EndGlobalSection
	GlobalSection(ExtensibilityGlobals) = postSolution
		SolutionGuid = {C4CD8CC3-1C4E-4AF3-A4F5-0595D59453E0}
	EndGlobalSection
EndGlobal
